
Microsoft Visual Studio Solution File, Format Version 12.00
# Visual Studio Version 17
VisualStudioVersion = 17.7.34009.444
MinimumVisualStudioVersion = 10.0.40219.1
Project("{FAE04EC0-301F-11D3-BF4B-00C04F79EFBC}") = "Jueguito", "Jueguito\Jueguito.csproj", "{9951B2F9-DB99-4505-943F-49C92515FADC}"
EndProject
Global
	GlobalSection(SolutionConfigurationPlatforms) = preSolution
		Debug|Any CPU = Debug|Any CPU
		Release|Any CPU = Release|Any CPU
	EndGlobalSection
	GlobalSection(ProjectConfigurationPlatforms) = postSolution
		{9951B2F9-DB99-4505-943F-49C92515FADC}.Debug|Any CPU.ActiveCfg = Debug|Any CPU
		{9951B2F9-DB99-4505-943F-49C92515FADC}.Debug|Any CPU.Build.0 = Debug|Any CPU
		{9951B2F9-DB99-4505-943F-49C92515FADC}.Release|Any CPU.ActiveCfg = Release|Any CPU
		{9951B2F9-DB99-4505-943F-49C92515FADC}.Release|Any CPU.Build.0 = Release|Any CPU
	EndGlobalSection
	GlobalSection(SolutionProperties) = preSolution
		HideSolutionNode = FALSE
	EndGlobalSection
	GlobalSection(ExtensibilityGlobals) = postSolution
		SolutionGuid = {C329D67C-AB64-4FA0-B8D2-F67388237884}
	EndGlobalSection
EndGlobal
